
Microsoft Visual Studio Solution File, Format Version 12.00
# Visual Studio Version 16
VisualStudioVersion = 16.0.29215.179
MinimumVisualStudioVersion = 10.0.40219.1
Project("{FAE04EC0-301F-11D3-BF4B-00C04F79EFBC}") = "SecondTask", "SecondTask\SecondTask.csproj", "{0FA874B1-ACAC-4019-9E4C-8F0C36EF4C93}"
EndProject
Global
	GlobalSection(SolutionConfigurationPlatforms) = preSolution
		Debug|Any CPU = Debug|Any CPU
		Release|Any CPU = Release|Any CPU
	EndGlobalSection
	GlobalSection(ProjectConfigurationPlatforms) = postSolution
		{0FA874B1-ACAC-4019-9E4C-8F0C36EF4C93}.Debug|Any CPU.ActiveCfg = Debug|Any CPU
		{0FA874B1-ACAC-4019-9E4C-8F0C36EF4C93}.Debug|Any CPU.Build.0 = Debug|Any CPU
		{0FA874B1-ACAC-4019-9E4C-8F0C36EF4C93}.Release|Any CPU.ActiveCfg = Release|Any CPU
		{0FA874B1-ACAC-4019-9E4C-8F0C36EF4C93}.Release|Any CPU.Build.0 = Release|Any CPU
	EndGlobalSection
	GlobalSection(SolutionProperties) = preSolution
		HideSolutionNode = FALSE
	EndGlobalSection
	GlobalSection(ExtensibilityGlobals) = postSolution
		SolutionGuid = {2CB0BDC1-772F-479B-BA86-8DB20D07C19B}
	EndGlobalSection
EndGlobal
